{
  "name": "webTalkFront",
  "lockfileVersion": 2,
  "requires": true,
  "packages": {
    "": {
      "dependencies": {
        "goeasy": "^2.2.4"
      }
    },
    "node_modules/goeasy": {
      "version": "2.2.4",
      "resolved": "https://registry.npmjs.org/goeasy/-/goeasy-2.2.4.tgz",
      "integrity": "sha512-ldCwGrXq50IFSVNfsFfjSDQeeanPJn8lVJ77lvsldxihLRdmjhHCzqcetyDKY9nkxS4TQlfbJV/ouG5bsCKZMA=="
    }
  },
  "dependencies": {
    "goeasy": {
      "version": "2.2.4",
      "resolved": "https://registry.npmjs.org/goeasy/-/goeasy-2.2.4.tgz",
      "integrity": "sha512-ldCwGrXq50IFSVNfsFfjSDQeeanPJn8lVJ77lvsldxihLRdmjhHCzqcetyDKY9nkxS4TQlfbJV/ouG5bsCKZMA=="
    }
  }
}
